
Microsoft Visual Studio Solution File, Format Version 12.00
# Visual Studio 15
VisualStudioVersion = 15.0.28307.421
MinimumVisualStudioVersion = 10.0.40219.1
Project("{FAE04EC0-301F-11D3-BF4B-00C04F79EFBC}") = "WpfApp2", "WpfApp2\WpfApp2.csproj", "{DB597C1A-F06E-4A27-8580-616ADAE1497D}"
EndProject
Global
	GlobalSection(SolutionConfigurationPlatforms) = preSolution
		Debug|Any CPU = Debug|Any CPU
		Release|Any CPU = Release|Any CPU
	EndGlobalSection
	GlobalSection(ProjectConfigurationPlatforms) = postSolution
		{DB597C1A-F06E-4A27-8580-616ADAE1497D}.Debug|Any CPU.ActiveCfg = Debug|Any CPU
		{DB597C1A-F06E-4A27-8580-616ADAE1497D}.Debug|Any CPU.Build.0 = Debug|Any CPU
		{DB597C1A-F06E-4A27-8580-616ADAE1497D}.Release|Any CPU.ActiveCfg = Release|Any CPU
		{DB597C1A-F06E-4A27-8580-616ADAE1497D}.Release|Any CPU.Build.0 = Release|Any CPU
	EndGlobalSection
	GlobalSection(SolutionProperties) = preSolution
		HideSolutionNode = FALSE
	EndGlobalSection
	GlobalSection(ExtensibilityGlobals) = postSolution
		SolutionGuid = {AE771688-3D64-4F46-B264-1B9FE9CF9459}
	EndGlobalSection
EndGlobal
