
Microsoft Visual Studio Solution File, Format Version 12.00
# Visual Studio Version 16
VisualStudioVersion = 16.0.29306.81
MinimumVisualStudioVersion = 10.0.40219.1
Project("{FAE04EC0-301F-11D3-BF4B-00C04F79EFBC}") = "20190917_thumbリハビリ", "20190917_thumbリハビリ\20190917_thumbリハビリ.csproj", "{6281408C-FBB3-4F5B-8E18-3BC2543E88CF}"
EndProject
Global
	GlobalSection(SolutionConfigurationPlatforms) = preSolution
		Debug|Any CPU = Debug|Any CPU
		Release|Any CPU = Release|Any CPU
	EndGlobalSection
	GlobalSection(ProjectConfigurationPlatforms) = postSolution
		{6281408C-FBB3-4F5B-8E18-3BC2543E88CF}.Debug|Any CPU.ActiveCfg = Debug|Any CPU
		{6281408C-FBB3-4F5B-8E18-3BC2543E88CF}.Debug|Any CPU.Build.0 = Debug|Any CPU
		{6281408C-FBB3-4F5B-8E18-3BC2543E88CF}.Release|Any CPU.ActiveCfg = Release|Any CPU
		{6281408C-FBB3-4F5B-8E18-3BC2543E88CF}.Release|Any CPU.Build.0 = Release|Any CPU
	EndGlobalSection
	GlobalSection(SolutionProperties) = preSolution
		HideSolutionNode = FALSE
	EndGlobalSection
	GlobalSection(ExtensibilityGlobals) = postSolution
		SolutionGuid = {000D9F04-FB4D-4D3A-88A0-81B881EA3BE6}
	EndGlobalSection
EndGlobal
